
Microsoft Visual Studio Solution File, Format Version 12.00
# Visual Studio Version 17
VisualStudioVersion = 17.0.32014.148
MinimumVisualStudioVersion = 10.0.40219.1
Project("{FAE04EC0-301F-11D3-BF4B-00C04F79EFBC}") = "TestApp", "TestApp\TestApp.csproj", "{1688D827-49F0-4452-AA10-1BE2866B76A9}"
EndProject
Global
	GlobalSection(SolutionConfigurationPlatforms) = preSolution
		Debug|Any CPU = Debug|Any CPU
		Release|Any CPU = Release|Any CPU
	EndGlobalSection
	GlobalSection(ProjectConfigurationPlatforms) = postSolution
		{1688D827-49F0-4452-AA10-1BE2866B76A9}.Debug|Any CPU.ActiveCfg = Debug|Any CPU
		{1688D827-49F0-4452-AA10-1BE2866B76A9}.Debug|Any CPU.Build.0 = Debug|Any CPU
		{1688D827-49F0-4452-AA10-1BE2866B76A9}.Release|Any CPU.ActiveCfg = Release|Any CPU
		{1688D827-49F0-4452-AA10-1BE2866B76A9}.Release|Any CPU.Build.0 = Release|Any CPU
	EndGlobalSection
	GlobalSection(SolutionProperties) = preSolution
		HideSolutionNode = FALSE
	EndGlobalSection
	GlobalSection(ExtensibilityGlobals) = postSolution
		SolutionGuid = {6EBF72EB-4D16-4E73-A200-31B406B307FB}
	EndGlobalSection
EndGlobal
